{
  "name": "airport-timezone",
  "version": "1.1.0",
  "lockfileVersion": 2,
  "requires": true,
  "packages": {
    "": {
      "name": "airport-timezone",
      "version": "1.1.0",
      "license": "MIT",
      "devDependencies": {
        "csv": "^0.4.6",
        "httpism": "^1.14.0"
      }
    },
    "node_modules/agent-base": {
      "version": "2.1.1",
      "resolved": "https://registry.npmjs.org/agent-base/-/agent-base-2.1.1.tgz",
      "integrity": "sha512-oDtZV740o3fr5oJtPLOsgH2hl2TRPscNXIx4VzzBwVlXVkv8RHm7XXqGAYg8t20+Gwu6LNDnx8HRMGqVGPZ8Vw==",
      "dev": true,
      "dependencies": {
        "extend": "~3.0.0",
        "semver": "~5.0.1"
      }
    },
    "node_modules/csv": {
      "version": "0.4.6",
      "resolved": "https://registry.npmjs.org/csv/-/csv-0.4.6.tgz",
      "integrity": "sha512-mlH/iunX/O6BXnkfW5TzYCSlLX45ISyysGQLL6M+km6gjj/L8bbv5KEG9ngj2NstX6zKhEbMlaEhxHa5/Mjsuw==",
      "dev": true,
      "dependencies": {
        "csv-generate": "^0.0.6",
        "csv-parse": "^1.0.0",
        "csv-stringify": "^0.0.8",
        "stream-transform": "^0.1.0"
      },
      "engines": {
        "node": ">= 0.1.90"
      }
    },
    "node_modules/csv-generate": {
      "version": "0.0.6",
      "resolved": "https://registry.npmjs.org/csv-generate/-/csv-generate-0.0.6.tgz",
      "integrity": "sha512-artADf2o+rZUc224aalspj+rQXeYXXSXZ4s7hylW9xLgawkn1Ac5yLG+qNb1rRTcQ2CdDFHixvRuC1GlujCCkw==",
      "dev": true
    },
    "node_modules/csv-parse": {
      "version": "1.3.3",
      "resolved": "https://registry.npmjs.org/csv-parse/-/csv-parse-1.3.3.tgz",
      "integrity": "sha512-byxnDBxM1AVF3YfmsK7Smop9/usNz7gAZYSo9eYp61TGcNXraJby1rAiLyJSt1/8Iho2qaxZOtZCOvQMXogPtg==",
      "dev": true
    },
    "node_modules/csv-stringify": {
      "version": "0.0.8",
      "resolved": "https://registry.npmjs.org/csv-stringify/-/csv-stringify-0.0.8.tgz",
      "integrity": "sha512-REHUwgPO2wPr69PZXW3cXmtvi+imJKvnqfxJw115rBsAMIKGQUP7a/nWo5SGzN5wmcKpN4v6uBcvc9CzvnT5zw==",
      "dev": true
    },
    "node_modules/debug": {
      "version": "2.2.0",
      "resolved": "https://registry.npmjs.org/debug/-/debug-2.2.0.tgz",
      "integrity": "sha512-X0rGvJcskG1c3TgSCPqHJ0XJgwlcvOC7elJ5Y0hYuKBZoVqWpAMfLOeIh2UI/DCQ5ruodIjvsugZtjUYUw2pUw==",
      "dev": true,
      "dependencies": {
        "ms": "0.7.1"
      }
    },
    "node_modules/extend": {
      "version": "3.0.2",
      "resolved": "https://registry.npmjs.org/extend/-/extend-3.0.2.tgz",
      "integrity": "sha512-fjquC59cD7CyW6urNXK0FBufkZcoiGG80wTuPujX590cB5Ttln20E2UB4S/WARVqhXffZl2LNgS+gQdPIIim/g==",
      "dev": true
    },
    "node_modules/httpism": {
      "version": "1.14.0",
      "resolved": "https://registry.npmjs.org/httpism/-/httpism-1.14.0.tgz",
      "integrity": "sha512-Bt9ls36++nnwZze+mPq3ypViYl13Tjwp+oE8Nu/SsFBWqAs2rCDZZsfZS2itEhXQFUmgTfomRcXG1C80XX016Q==",
      "dev": true,
      "dependencies": {
        "debug": "2.2.0",
        "https-proxy-agent": "1.0.0",
        "qs": "^0.6.6",
        "tough-cookie": "2.2.0",
        "underscore": "^1.6.0"
      }
    },
    "node_modules/https-proxy-agent": {
      "version": "1.0.0",
      "resolved": "https://registry.npmjs.org/https-proxy-agent/-/https-proxy-agent-1.0.0.tgz",
      "integrity": "sha512-OZhm7//JDnQthMVqlPAfkZyPO2fMhfHY6gY+jZcX8rLfFiGtHiIQrfD80WvCDHNMQ77Ak3r5CiPRDD2rNzo2OQ==",
      "dev": true,
      "dependencies": {
        "agent-base": "2",
        "debug": "2",
        "extend": "3"
      }
    },
    "node_modules/ms": {
      "version": "0.7.1",
      "resolved": "https://registry.npmjs.org/ms/-/ms-0.7.1.tgz",
      "integrity": "sha512-lRLiIR9fSNpnP6TC4v8+4OU7oStC01esuNowdQ34L+Gk8e5Puoc88IqJ+XAY/B3Mn2ZKis8l8HX90oU8ivzUHg==",
      "dev": true
    },
    "node_modules/qs": {
      "version": "0.6.6",
      "resolved": "https://registry.npmjs.org/qs/-/qs-0.6.6.tgz",
      "integrity": "sha512-kN+yNdAf29Jgp+AYHUmC7X4QdJPR8czuMWLNLc0aRxkQ7tB3vJQEONKKT9ou/rW7EbqVec11srC9q9BiVbcnHA==",
      "dev": true,
      "engines": {
        "node": "*"
      }
    },
    "node_modules/semver": {
      "version": "5.0.3",
      "resolved": "https://registry.npmjs.org/semver/-/semver-5.0.3.tgz",
      "integrity": "sha512-5OkOBiw69xqmxOFIXwXsiY1HlE+om8nNptg1ZIf95fzcnfgOv2fLm7pmmGbRJsjJIqPpW5Kwy4wpDBTz5wQlUw==",
      "dev": true,
      "bin": {
        "semver": "bin/semver"
      }
    },
    "node_modules/stream-transform": {
      "version": "0.1.2",
      "resolved": "https://registry.npmjs.org/stream-transform/-/stream-transform-0.1.2.tgz",
      "integrity": "sha512-3HXId/0W8sktQnQM6rOZf2LuDDMbakMgAjpViLk758/h0br+iGqZFFfUxxJSqEvGvT742PyFr4v/TBXUtowdCg==",
      "dev": true
    },
    "node_modules/tough-cookie": {
      "version": "2.2.0",
      "resolved": "https://registry.npmjs.org/tough-cookie/-/tough-cookie-2.2.0.tgz",
      "integrity": "sha512-frs4Ftha6JFRPQyqjgjx9UbInbzE6MZmJBDe65/3kbyuTR/WNLsYjbD4mH/KboKbGEQe0ICZ1xmbU8D4FYeVCQ==",
      "deprecated": "ReDoS vulnerability parsing Set-Cookie https://nodesecurity.io/advisories/130",
      "dev": true,
      "engines": {
        "node": ">=0.10.0"
      }
    },
    "node_modules/underscore": {
      "version": "1.13.6",
      "resolved": "https://registry.npmjs.org/underscore/-/underscore-1.13.6.tgz",
      "integrity": "sha512-+A5Sja4HP1M08MaXya7p5LvjuM7K6q/2EaC0+iovj/wOcMsTzMvDFbasi/oSapiwOlt252IqsKqPjCl7huKS0A==",
      "dev": true
    }
  },
  "dependencies": {
    "agent-base": {
      "version": "2.1.1",
      "resolved": "https://registry.npmjs.org/agent-base/-/agent-base-2.1.1.tgz",
      "integrity": "sha512-oDtZV740o3fr5oJtPLOsgH2hl2TRPscNXIx4VzzBwVlXVkv8RHm7XXqGAYg8t20+Gwu6LNDnx8HRMGqVGPZ8Vw==",
      "dev": true,
      "requires": {
        "extend": "~3.0.0",
        "semver": "~5.0.1"
      }
    },
    "csv": {
      "version": "0.4.6",
      "resolved": "https://registry.npmjs.org/csv/-/csv-0.4.6.tgz",
      "integrity": "sha512-mlH/iunX/O6BXnkfW5TzYCSlLX45ISyysGQLL6M+km6gjj/L8bbv5KEG9ngj2NstX6zKhEbMlaEhxHa5/Mjsuw==",
      "dev": true,
      "requires": {
        "csv-generate": "^0.0.6",
        "csv-parse": "^1.0.0",
        "csv-stringify": "^0.0.8",
        "stream-transform": "^0.1.0"
      }
    },
    "csv-generate": {
      "version": "0.0.6",
      "resolved": "https://registry.npmjs.org/csv-generate/-/csv-generate-0.0.6.tgz",
      "integrity": "sha512-artADf2o+rZUc224aalspj+rQXeYXXSXZ4s7hylW9xLgawkn1Ac5yLG+qNb1rRTcQ2CdDFHixvRuC1GlujCCkw==",
      "dev": true
    },
    "csv-parse": {
      "version": "1.3.3",
      "resolved": "https://registry.npmjs.org/csv-parse/-/csv-parse-1.3.3.tgz",
      "integrity": "sha512-byxnDBxM1AVF3YfmsK7Smop9/usNz7gAZYSo9eYp61TGcNXraJby1rAiLyJSt1/8Iho2qaxZOtZCOvQMXogPtg==",
      "dev": true
    },
    "csv-stringify": {
      "version": "0.0.8",
      "resolved": "https://registry.npmjs.org/csv-stringify/-/csv-stringify-0.0.8.tgz",
      "integrity": "sha512-REHUwgPO2wPr69PZXW3cXmtvi+imJKvnqfxJw115rBsAMIKGQUP7a/nWo5SGzN5wmcKpN4v6uBcvc9CzvnT5zw==",
      "dev": true
    },
    "debug": {
      "version": "2.2.0",
      "resolved": "https://registry.npmjs.org/debug/-/debug-2.2.0.tgz",
      "integrity": "sha512-X0rGvJcskG1c3TgSCPqHJ0XJgwlcvOC7elJ5Y0hYuKBZoVqWpAMfLOeIh2UI/DCQ5ruodIjvsugZtjUYUw2pUw==",
      "dev": true,
      "requires": {
        "ms": "0.7.1"
      }
    },
    "extend": {
      "version": "3.0.2",
      "resolved": "https://registry.npmjs.org/extend/-/extend-3.0.2.tgz",
      "integrity": "sha512-fjquC59cD7CyW6urNXK0FBufkZcoiGG80wTuPujX590cB5Ttln20E2UB4S/WARVqhXffZl2LNgS+gQdPIIim/g==",
      "dev": true
    },
    "httpism": {
      "version": "1.14.0",
      "resolved": "https://registry.npmjs.org/httpism/-/httpism-1.14.0.tgz",
      "integrity": "sha512-Bt9ls36++nnwZze+mPq3ypViYl13Tjwp+oE8Nu/SsFBWqAs2rCDZZsfZS2itEhXQFUmgTfomRcXG1C80XX016Q==",
      "dev": true,
      "requires": {
        "debug": "2.2.0",
        "https-proxy-agent": "1.0.0",
        "qs": "^0.6.6",
        "tough-cookie": "2.2.0",
        "underscore": "^1.6.0"
      }
    },
    "https-proxy-agent": {
      "version": "1.0.0",
      "resolved": "https://registry.npmjs.org/https-proxy-agent/-/https-proxy-agent-1.0.0.tgz",
      "integrity": "sha512-OZhm7//JDnQthMVqlPAfkZyPO2fMhfHY6gY+jZcX8rLfFiGtHiIQrfD80WvCDHNMQ77Ak3r5CiPRDD2rNzo2OQ==",
      "dev": true,
      "requires": {
        "agent-base": "2",
        "debug": "2",
        "extend": "3"
      }
    },
    "ms": {
      "version": "0.7.1",
      "resolved": "https://registry.npmjs.org/ms/-/ms-0.7.1.tgz",
      "integrity": "sha512-lRLiIR9fSNpnP6TC4v8+4OU7oStC01esuNowdQ34L+Gk8e5Puoc88IqJ+XAY/B3Mn2ZKis8l8HX90oU8ivzUHg==",
      "dev": true
    },
    "qs": {
      "version": "0.6.6",
      "resolved": "https://registry.npmjs.org/qs/-/qs-0.6.6.tgz",
      "integrity": "sha512-kN+yNdAf29Jgp+AYHUmC7X4QdJPR8czuMWLNLc0aRxkQ7tB3vJQEONKKT9ou/rW7EbqVec11srC9q9BiVbcnHA==",
      "dev": true
    },
    "semver": {
      "version": "5.0.3",
      "resolved": "https://registry.npmjs.org/semver/-/semver-5.0.3.tgz",
      "integrity": "sha512-5OkOBiw69xqmxOFIXwXsiY1HlE+om8nNptg1ZIf95fzcnfgOv2fLm7pmmGbRJsjJIqPpW5Kwy4wpDBTz5wQlUw==",
      "dev": true
    },
    "stream-transform": {
      "version": "0.1.2",
      "resolved": "https://registry.npmjs.org/stream-transform/-/stream-transform-0.1.2.tgz",
      "integrity": "sha512-3HXId/0W8sktQnQM6rOZf2LuDDMbakMgAjpViLk758/h0br+iGqZFFfUxxJSqEvGvT742PyFr4v/TBXUtowdCg==",
      "dev": true
    },
    "tough-cookie": {
      "version": "2.2.0",
      "resolved": "https://registry.npmjs.org/tough-cookie/-/tough-cookie-2.2.0.tgz",
      "integrity": "sha512-frs4Ftha6JFRPQyqjgjx9UbInbzE6MZmJBDe65/3kbyuTR/WNLsYjbD4mH/KboKbGEQe0ICZ1xmbU8D4FYeVCQ==",
      "dev": true
    },
    "underscore": {
      "version": "1.13.6",
      "resolved": "https://registry.npmjs.org/underscore/-/underscore-1.13.6.tgz",
      "integrity": "sha512-+A5Sja4HP1M08MaXya7p5LvjuM7K6q/2EaC0+iovj/wOcMsTzMvDFbasi/oSapiwOlt252IqsKqPjCl7huKS0A==",
      "dev": true
    }
  }
}
